
Microsoft Visual Studio Solution File, Format Version 12.00
# Visual Studio Version 17
VisualStudioVersion = 17.4.33103.184
MinimumVisualStudioVersion = 10.0.40219.1
Project("{8BC9CEB8-8B4A-11D0-8D11-00A0C91BC942}") = "Minesweeper", "Minesweeper\Minesweeper.vcxproj", "{AA56E7A4-695D-4213-99B9-962D02C15B12}"
EndProject
Global
	GlobalSection(SolutionConfigurationPlatforms) = preSolution
		Debug|x64 = Debug|x64
		Debug|x86 = Debug|x86
		Release|x64 = Release|x64
		Release|x86 = Release|x86
	EndGlobalSection
	GlobalSection(ProjectConfigurationPlatforms) = postSolution
		{AA56E7A4-695D-4213-99B9-962D02C15B12}.Debug|x64.ActiveCfg = Debug|x64
		{AA56E7A4-695D-4213-99B9-962D02C15B12}.Debug|x64.Build.0 = Debug|x64
		{AA56E7A4-695D-4213-99B9-962D02C15B12}.Debug|x86.ActiveCfg = Debug|Win32
		{AA56E7A4-695D-4213-99B9-962D02C15B12}.Debug|x86.Build.0 = Debug|Win32
		{AA56E7A4-695D-4213-99B9-962D02C15B12}.Release|x64.ActiveCfg = Release|x64
		{AA56E7A4-695D-4213-99B9-962D02C15B12}.Release|x64.Build.0 = Release|x64
		{AA56E7A4-695D-4213-99B9-962D02C15B12}.Release|x86.ActiveCfg = Release|Win32
		{AA56E7A4-695D-4213-99B9-962D02C15B12}.Release|x86.Build.0 = Release|Win32
	EndGlobalSection
	GlobalSection(SolutionProperties) = preSolution
		HideSolutionNode = FALSE
	EndGlobalSection
	GlobalSection(ExtensibilityGlobals) = postSolution
		SolutionGuid = {E6210A5F-CF7F-478A-ADDC-FF8BEC6088BB}
	EndGlobalSection
EndGlobal
